
Microsoft Visual Studio Solution File, Format Version 12.00
# Visual Studio 2012
Project("{FAE04EC0-301F-11D3-BF4B-00C04F79EFBC}") = "TovarniyChek", "TovarniyChek\TovarniyChek.csproj", "{D3C5F245-4575-4C7A-830F-150E89BC9EE2}"
EndProject
Global
	GlobalSection(TeamFoundationVersionControl) = preSolution
		SccNumberOfProjects = 2
		SccEnterpriseProvider = {4CA58AB2-18FA-4F8D-95D4-32DDF27D184C}
		SccTeamFoundationServer = http://win-0cv56sr11df:8080/tfs/defaultcollection
		SccLocalPath0 = .
		SccProjectUniqueName1 = TovarniyChek\\TovarniyChek.csproj
		SccProjectName1 = TovarniyChek
		SccLocalPath1 = TovarniyChek
	EndGlobalSection
	GlobalSection(SolutionConfigurationPlatforms) = preSolution
		Debug|Any CPU = Debug|Any CPU
		Release|Any CPU = Release|Any CPU
	EndGlobalSection
	GlobalSection(ProjectConfigurationPlatforms) = postSolution
		{D3C5F245-4575-4C7A-830F-150E89BC9EE2}.Debug|Any CPU.ActiveCfg = Debug|Any CPU
		{D3C5F245-4575-4C7A-830F-150E89BC9EE2}.Debug|Any CPU.Build.0 = Debug|Any CPU
		{D3C5F245-4575-4C7A-830F-150E89BC9EE2}.Release|Any CPU.ActiveCfg = Release|Any CPU
		{D3C5F245-4575-4C7A-830F-150E89BC9EE2}.Release|Any CPU.Build.0 = Release|Any CPU
	EndGlobalSection
	GlobalSection(SolutionProperties) = preSolution
		HideSolutionNode = FALSE
	EndGlobalSection
EndGlobal
